
Microsoft Visual Studio Solution File, Format Version 12.00
# Visual Studio Version 17
VisualStudioVersion = 17.9.34622.214
MinimumVisualStudioVersion = 10.0.40219.1
Project("{FAE04EC0-301F-11D3-BF4B-00C04F79EFBC}") = "MAUIAssignment", "MAUIAssignment.csproj", "{812D1511-5B28-4893-9DA1-01815C741A49}"
EndProject
Global
	GlobalSection(SolutionConfigurationPlatforms) = preSolution
		Debug|Any CPU = Debug|Any CPU
		Release|Any CPU = Release|Any CPU
	EndGlobalSection
	GlobalSection(ProjectConfigurationPlatforms) = postSolution
		{812D1511-5B28-4893-9DA1-01815C741A49}.Debug|Any CPU.ActiveCfg = Debug|Any CPU
		{812D1511-5B28-4893-9DA1-01815C741A49}.Debug|Any CPU.Build.0 = Debug|Any CPU
		{812D1511-5B28-4893-9DA1-01815C741A49}.Debug|Any CPU.Deploy.0 = Debug|Any CPU
		{812D1511-5B28-4893-9DA1-01815C741A49}.Release|Any CPU.ActiveCfg = Release|Any CPU
		{812D1511-5B28-4893-9DA1-01815C741A49}.Release|Any CPU.Build.0 = Release|Any CPU
		{812D1511-5B28-4893-9DA1-01815C741A49}.Release|Any CPU.Deploy.0 = Release|Any CPU
	EndGlobalSection
	GlobalSection(SolutionProperties) = preSolution
		HideSolutionNode = FALSE
	EndGlobalSection
	GlobalSection(ExtensibilityGlobals) = postSolution
		SolutionGuid = {198DE77B-FC36-4407-812D-E86ECA153E36}
	EndGlobalSection
EndGlobal
